{
  "version": 4,
  "terraform_version": "1.0.5",
  "serial": 240,
  "lineage": "2c673110-ddd8-6211-e028-9c80bc54a157",
  "outputs": {
    "alb_arn": {
      "value": "nginx-lb-699084322.ap-south-1.elb.amazonaws.com",
      "type": "string"
    },
    "aws_ami": {
      "value": "ami-0bcb40eb5cb6d6f9e",
      "type": "string"
    },
    "nginx_server_publicip": {
      "value": [
        "13.126.28.147",
        "15.206.189.245"
      ],
      "type": [
        "tuple",
        [
          "string",
          "string"
        ]
      ]
    },
    "webserversg_id": {
      "value": "sg-083a852a9130c470f",
      "type": "string"
    }
  },
  "resources": [
    {
      "mode": "data",
      "type": "aws_ami",
      "name": "ubuntu",
      "provider": "provider[\"registry.terraform.io/hashicorp/aws\"]",
      "instances": [
        {
          "schema_version": 0,
          "attributes": {
            "architecture": "x86_64",
            "arn": "arn:aws:ec2:ap-south-1::image/ami-0bcb40eb5cb6d6f9e",
            "block_device_mappings": [
              {
                "device_name": "/dev/sda1",
                "ebs": {
                  "delete_on_termination": "true",
                  "encrypted": "false",
                  "iops": "0",
                  "snapshot_id": "snap-025aea7eba3a4cc1b",
                  "throughput": "0",
                  "volume_size": "8",
                  "volume_type": "gp2"
                },
                "no_device": "",
                "virtual_name": ""
              },
              {
                "device_name": "/dev/sdb",
                "ebs": {},
                "no_device": "",
                "virtual_name": "ephemeral0"
              },
              {
                "device_name": "/dev/sdc",
                "ebs": {},
                "no_device": "",
                "virtual_name": "ephemeral1"
              }
            ],
            "boot_mode": "legacy-bios",
            "creation_date": "2023-04-28T02:59:22.000Z",
            "deprecation_time": "2025-04-28T02:59:22.000Z",
            "description": "Canonical, Ubuntu, 22.04 LTS, amd64 jammy image build on 2023-04-28",
            "ena_support": true,
            "executable_users": null,
            "filter": [
              {
                "name": "name",
                "values": [
                  "ubuntu/images/hvm-ssd/ubuntu-jammy-22.04-amd64-server-*"
                ]
              },
              {
                "name": "root-device-type",
                "values": [
                  "ebs"
                ]
              },
              {
                "name": "virtualization-type",
                "values": [
                  "hvm"
                ]
              }
            ],
            "hypervisor": "xen",
            "id": "ami-0bcb40eb5cb6d6f9e",
            "image_id": "ami-0bcb40eb5cb6d6f9e",
            "image_location": "amazon/ubuntu/images/hvm-ssd/ubuntu-jammy-22.04-amd64-server-20230428",
            "image_owner_alias": "amazon",
            "image_type": "machine",
            "imds_support": "",
            "include_deprecated": false,
            "kernel_id": "",
            "most_recent": true,
            "name": "ubuntu/images/hvm-ssd/ubuntu-jammy-22.04-amd64-server-20230428",
            "name_regex": null,
            "owner_id": "099720109477",
            "owners": [
              "amazon"
            ],
            "platform": "",
            "platform_details": "Linux/UNIX",
            "product_codes": [],
            "public": true,
            "ramdisk_id": "",
            "root_device_name": "/dev/sda1",
            "root_device_type": "ebs",
            "root_snapshot_id": "snap-025aea7eba3a4cc1b",
            "sriov_net_support": "simple",
            "state": "available",
            "state_reason": {
              "code": "UNSET",
              "message": "UNSET"
            },
            "tags": {},
            "timeouts": null,
            "tpm_support": "",
            "usage_operation": "RunInstances",
            "virtualization_type": "hvm"
          },
          "sensitive_attributes": []
        }
      ]
    },
    {
      "mode": "data",
      "type": "aws_subnets",
      "name": "public1",
      "provider": "provider[\"registry.terraform.io/hashicorp/aws\"]",
      "instances": [
        {
          "schema_version": 0,
          "attributes": {
            "filter": null,
            "id": "ap-south-1",
            "ids": [
              "subnet-05a6ec695a2be0c99"
            ],
            "tags": {
              "Environmet": "Dev",
              "Name": "cywarevpc-publicsubnet-1",
              "Organization": "cyware"
            },
            "timeouts": null
          },
          "sensitive_attributes": []
        }
      ]
    },
    {
      "mode": "data",
      "type": "aws_subnets",
      "name": "public2",
      "provider": "provider[\"registry.terraform.io/hashicorp/aws\"]",
      "instances": [
        {
          "schema_version": 0,
          "attributes": {
            "filter": null,
            "id": "ap-south-1",
            "ids": [
              "subnet-0755d7cf64a3b586b"
            ],
            "tags": {
              "Environmet": "Dev",
              "Name": "cywarevpc-publicsubnet-2",
              "Organization": "cyware"
            },
            "timeouts": null
          },
          "sensitive_attributes": []
        }
      ]
    },
    {
      "mode": "managed",
      "type": "aws_eip",
      "name": "nateips",
      "provider": "provider[\"registry.terraform.io/hashicorp/aws\"]",
      "instances": [
        {
          "index_key": 0,
          "schema_version": 0,
          "attributes": {
            "address": null,
            "allocation_id": "eipalloc-047516c0ad23f98c8",
            "associate_with_private_ip": null,
            "association_id": "eipassoc-0a056698af3f64acf",
            "carrier_ip": "",
            "customer_owned_ip": "",
            "customer_owned_ipv4_pool": "",
            "domain": "vpc",
            "id": "eipalloc-047516c0ad23f98c8",
            "instance": "",
            "network_border_group": "ap-south-1",
            "network_interface": "eni-0f58c64ca7f158055",
            "private_dns": "ip-10-1-0-8.ap-south-1.compute.internal",
            "private_ip": "10.1.0.8",
            "public_dns": "ec2-13-233-181-129.ap-south-1.compute.amazonaws.com",
            "public_ip": "13.233.181.129",
            "public_ipv4_pool": "amazon",
            "tags": {
              "Environmet": "Dev",
              "Name": "Elastic-IP-1",
              "Organization": "cyware"
            },
            "tags_all": {
              "Environmet": "Dev",
              "Name": "Elastic-IP-1",
              "Organization": "cyware"
            },
            "timeouts": null,
            "vpc": true
          },
          "sensitive_attributes": [],
          "private": "eyJlMmJmYjczMC1lY2FhLTExZTYtOGY4OC0zNDM2M2JjN2M0YzAiOnsiZGVsZXRlIjoxODAwMDAwMDAwMDAsInJlYWQiOjkwMDAwMDAwMDAwMCwidXBkYXRlIjozMDAwMDAwMDAwMDB9fQ=="
        },
        {
          "index_key": 1,
          "schema_version": 0,
          "attributes": {
            "address": null,
            "allocation_id": "eipalloc-0bafa7b9d90fd968d",
            "associate_with_private_ip": null,
            "association_id": "eipassoc-0fa5acad84c53d775",
            "carrier_ip": "",
            "customer_owned_ip": "",
            "customer_owned_ipv4_pool": "",
            "domain": "vpc",
            "id": "eipalloc-0bafa7b9d90fd968d",
            "instance": "",
            "network_border_group": "ap-south-1",
            "network_interface": "eni-0e7ebed803a00edf1",
            "private_dns": "ip-10-1-0-79.ap-south-1.compute.internal",
            "private_ip": "10.1.0.79",
            "public_dns": "ec2-3-111-83-255.ap-south-1.compute.amazonaws.com",
            "public_ip": "3.111.83.255",
            "public_ipv4_pool": "amazon",
            "tags": {
              "Environmet": "Dev",
              "Name": "Elastic-IP-2",
              "Organization": "cyware"
            },
            "tags_all": {
              "Environmet": "Dev",
              "Name": "Elastic-IP-2",
              "Organization": "cyware"
            },
            "timeouts": null,
            "vpc": true
          },
          "sensitive_attributes": [],
          "private": "eyJlMmJmYjczMC1lY2FhLTExZTYtOGY4OC0zNDM2M2JjN2M0YzAiOnsiZGVsZXRlIjoxODAwMDAwMDAwMDAsInJlYWQiOjkwMDAwMDAwMDAwMCwidXBkYXRlIjozMDAwMDAwMDAwMDB9fQ=="
        }
      ]
    },
    {
      "mode": "managed",
      "type": "aws_internet_gateway",
      "name": "dempvpcigw",
      "provider": "provider[\"registry.terraform.io/hashicorp/aws\"]",
      "instances": [
        {
          "schema_version": 0,
          "attributes": {
            "arn": "arn:aws:ec2:ap-south-1:336054375940:internet-gateway/igw-0206552d922ba1cc2",
            "id": "igw-0206552d922ba1cc2",
            "owner_id": "336054375940",
            "tags": {
              "Environmet": "Dev",
              "Name": "cywarevpc-igw",
              "Organization": "cyware"
            },
            "tags_all": {
              "Environmet": "Dev",
              "Name": "cywarevpc-igw",
              "Organization": "cyware"
            },
            "timeouts": null,
            "vpc_id": "vpc-099b900b891ae7a3c"
          },
          "sensitive_attributes": [],
          "private": "eyJlMmJmYjczMC1lY2FhLTExZTYtOGY4OC0zNDM2M2JjN2M0YzAiOnsiY3JlYXRlIjoxMjAwMDAwMDAwMDAwLCJkZWxldGUiOjEyMDAwMDAwMDAwMDAsInVwZGF0ZSI6MTIwMDAwMDAwMDAwMH19",
          "dependencies": [
            "aws_vpc.cywarevpc"
          ]
        }
      ]
    },
    {
      "mode": "managed",
      "type": "aws_lb",
      "name": "nginx_lb",
      "provider": "provider[\"registry.terraform.io/hashicorp/aws\"]",
      "instances": [
        {
          "schema_version": 0,
          "attributes": {
            "access_logs": [
              {
                "bucket": "",
                "enabled": false,
                "prefix": ""
              }
            ],
            "arn": "arn:aws:elasticloadbalancing:ap-south-1:336054375940:loadbalancer/app/nginx-lb/2318ac86b39ddb41",
            "arn_suffix": "app/nginx-lb/2318ac86b39ddb41",
            "customer_owned_ipv4_pool": "",
            "desync_mitigation_mode": "defensive",
            "dns_name": "nginx-lb-699084322.ap-south-1.elb.amazonaws.com",
            "drop_invalid_header_fields": false,
            "enable_cross_zone_load_balancing": true,
            "enable_deletion_protection": false,
            "enable_http2": true,
            "enable_waf_fail_open": false,
            "id": "arn:aws:elasticloadbalancing:ap-south-1:336054375940:loadbalancer/app/nginx-lb/2318ac86b39ddb41",
            "idle_timeout": 60,
            "internal": false,
            "ip_address_type": "ipv4",
            "load_balancer_type": "application",
            "name": "nginx-lb",
            "name_prefix": null,
            "preserve_host_header": false,
            "security_groups": [
              "sg-0942d76c6dc3d51c4"
            ],
            "subnet_mapping": [
              {
                "allocation_id": "",
                "ipv6_address": "",
                "outpost_id": "",
                "private_ipv4_address": "",
                "subnet_id": "subnet-05a6ec695a2be0c99"
              },
              {
                "allocation_id": "",
                "ipv6_address": "",
                "outpost_id": "",
                "private_ipv4_address": "",
                "subnet_id": "subnet-0755d7cf64a3b586b"
              }
            ],
            "subnets": [
              "subnet-05a6ec695a2be0c99",
              "subnet-0755d7cf64a3b586b"
            ],
            "tags": {
              "Environmet": "Dev",
              "Name": "cyware-alb",
              "Organization": "cyware"
            },
            "tags_all": {
              "Environmet": "Dev",
              "Name": "cyware-alb",
              "Organization": "cyware"
            },
            "timeouts": null,
            "vpc_id": "vpc-099b900b891ae7a3c",
            "zone_id": "ZP97RAFLXTNZK"
          },
          "sensitive_attributes": [],
          "private": "eyJlMmJmYjczMC1lY2FhLTExZTYtOGY4OC0zNDM2M2JjN2M0YzAiOnsiY3JlYXRlIjo2MDAwMDAwMDAwMDAsImRlbGV0ZSI6NjAwMDAwMDAwMDAwLCJ1cGRhdGUiOjYwMDAwMDAwMDAwMH19",
          "dependencies": [
            "aws_security_group.alb_sg",
            "aws_subnet.cywarevpcpublicsubnets",
            "aws_vpc.cywarevpc"
          ]
        }
      ]
    },
    {
      "mode": "managed",
      "type": "aws_lb_listener",
      "name": "nginx_listener",
      "provider": "provider[\"registry.terraform.io/hashicorp/aws\"]",
      "instances": [
        {
          "index_key": 0,
          "schema_version": 0,
          "attributes": {
            "alpn_policy": null,
            "arn": "arn:aws:elasticloadbalancing:ap-south-1:336054375940:listener/app/nginx-lb/2318ac86b39ddb41/1586d3bd78891cb1",
            "certificate_arn": null,
            "default_action": [
              {
                "authenticate_cognito": [],
                "authenticate_oidc": [],
                "fixed_response": [],
                "forward": [],
                "order": 1,
                "redirect": [],
                "target_group_arn": "arn:aws:elasticloadbalancing:ap-south-1:336054375940:targetgroup/nginx-target-group/9d19c6557c5e61c8",
                "type": "forward"
              }
            ],
            "id": "arn:aws:elasticloadbalancing:ap-south-1:336054375940:listener/app/nginx-lb/2318ac86b39ddb41/1586d3bd78891cb1",
            "load_balancer_arn": "arn:aws:elasticloadbalancing:ap-south-1:336054375940:loadbalancer/app/nginx-lb/2318ac86b39ddb41",
            "port": 80,
            "protocol": "HTTP",
            "ssl_policy": "",
            "tags": {},
            "tags_all": {},
            "timeouts": null
          },
          "sensitive_attributes": [],
          "private": "eyJlMmJmYjczMC1lY2FhLTExZTYtOGY4OC0zNDM2M2JjN2M0YzAiOnsicmVhZCI6NjAwMDAwMDAwMDAwfX0=",
          "dependencies": [
            "aws_lb_target_group.nginx_target_group",
            "aws_security_group.alb_sg",
            "aws_subnet.cywarevpcpublicsubnets",
            "aws_vpc.cywarevpc",
            "aws_lb.nginx_lb"
          ]
        },
        {
          "index_key": 1,
          "schema_version": 0,
          "attributes": {
            "alpn_policy": null,
            "arn": "arn:aws:elasticloadbalancing:ap-south-1:336054375940:listener/app/nginx-lb/2318ac86b39ddb41/1586d3bd78891cb1",
            "certificate_arn": null,
            "default_action": [
              {
                "authenticate_cognito": [],
                "authenticate_oidc": [],
                "fixed_response": [],
                "forward": [],
                "order": 1,
                "redirect": [],
                "target_group_arn": "arn:aws:elasticloadbalancing:ap-south-1:336054375940:targetgroup/nginx-target-group/9d19c6557c5e61c8",
                "type": "forward"
              }
            ],
            "id": "arn:aws:elasticloadbalancing:ap-south-1:336054375940:listener/app/nginx-lb/2318ac86b39ddb41/1586d3bd78891cb1",
            "load_balancer_arn": "arn:aws:elasticloadbalancing:ap-south-1:336054375940:loadbalancer/app/nginx-lb/2318ac86b39ddb41",
            "port": 80,
            "protocol": "HTTP",
            "ssl_policy": "",
            "tags": {},
            "tags_all": {},
            "timeouts": null
          },
          "sensitive_attributes": [],
          "private": "eyJlMmJmYjczMC1lY2FhLTExZTYtOGY4OC0zNDM2M2JjN2M0YzAiOnsicmVhZCI6NjAwMDAwMDAwMDAwfX0=",
          "dependencies": [
            "aws_lb.nginx_lb",
            "aws_lb_target_group.nginx_target_group",
            "aws_security_group.alb_sg",
            "aws_subnet.cywarevpcpublicsubnets",
            "aws_vpc.cywarevpc"
          ]
        }
      ]
    },
    {
      "mode": "managed",
      "type": "aws_lb_target_group",
      "name": "nginx_target_group",
      "provider": "provider[\"registry.terraform.io/hashicorp/aws\"]",
      "instances": [
        {
          "schema_version": 0,
          "attributes": {
            "arn": "arn:aws:elasticloadbalancing:ap-south-1:336054375940:targetgroup/nginx-target-group/9d19c6557c5e61c8",
            "arn_suffix": "targetgroup/nginx-target-group/9d19c6557c5e61c8",
            "connection_termination": false,
            "deregistration_delay": "300",
            "health_check": [
              {
                "enabled": true,
                "healthy_threshold": 2,
                "interval": 30,
                "matcher": "200",
                "path": "/",
                "port": "traffic-port",
                "protocol": "HTTP",
                "timeout": 10,
                "unhealthy_threshold": 2
              }
            ],
            "id": "arn:aws:elasticloadbalancing:ap-south-1:336054375940:targetgroup/nginx-target-group/9d19c6557c5e61c8",
            "ip_address_type": "ipv4",
            "lambda_multi_value_headers_enabled": false,
            "load_balancing_algorithm_type": "round_robin",
            "name": "nginx-target-group",
            "name_prefix": null,
            "port": 80,
            "preserve_client_ip": null,
            "protocol": "HTTP",
            "protocol_version": "HTTP1",
            "proxy_protocol_v2": false,
            "slow_start": 0,
            "stickiness": [
              {
                "cookie_duration": 86400,
                "cookie_name": "",
                "enabled": false,
                "type": "lb_cookie"
              }
            ],
            "tags": {},
            "tags_all": {},
            "target_failover": [
              {
                "on_deregistration": null,
                "on_unhealthy": null
              }
            ],
            "target_type": "ip",
            "vpc_id": "vpc-099b900b891ae7a3c"
          },
          "sensitive_attributes": [],
          "private": "bnVsbA==",
          "dependencies": [
            "aws_vpc.cywarevpc"
          ]
        }
      ]
    },
    {
      "mode": "managed",
      "type": "aws_lb_target_group_attachment",
      "name": "nginx_attachment",
      "provider": "provider[\"registry.terraform.io/hashicorp/aws\"]",
      "instances": []
    },
    {
      "mode": "managed",
      "type": "aws_nat_gateway",
      "name": "cywarevpcnatgatways",
      "provider": "provider[\"registry.terraform.io/hashicorp/aws\"]",
      "instances": [
        {
          "index_key": 0,
          "schema_version": 0,
          "attributes": {
            "allocation_id": "eipalloc-047516c0ad23f98c8",
            "connectivity_type": "public",
            "id": "nat-0d9b9ffb761569ebb",
            "network_interface_id": "eni-0f58c64ca7f158055",
            "private_ip": "10.1.0.8",
            "public_ip": "13.233.181.129",
            "subnet_id": "subnet-05a6ec695a2be0c99",
            "tags": {
              "Environmet": "Dev",
              "Name": "cywareVPC-NAT-1",
              "Organization": "cyware"
            },
            "tags_all": {
              "Environmet": "Dev",
              "Name": "cywareVPC-NAT-1",
              "Organization": "cyware"
            }
          },
          "sensitive_attributes": [],
          "private": "bnVsbA==",
          "dependencies": [
            "aws_eip.nateips",
            "aws_internet_gateway.dempvpcigw",
            "aws_subnet.cywarevpcpublicsubnets",
            "aws_vpc.cywarevpc"
          ]
        },
        {
          "index_key": 1,
          "schema_version": 0,
          "attributes": {
            "allocation_id": "eipalloc-0bafa7b9d90fd968d",
            "connectivity_type": "public",
            "id": "nat-0e57e42c8a4637b6f",
            "network_interface_id": "eni-0e7ebed803a00edf1",
            "private_ip": "10.1.0.79",
            "public_ip": "3.111.83.255",
            "subnet_id": "subnet-0755d7cf64a3b586b",
            "tags": {
              "Environmet": "Dev",
              "Name": "cywareVPC-NAT-2",
              "Organization": "cyware"
            },
            "tags_all": {
              "Environmet": "Dev",
              "Name": "cywareVPC-NAT-2",
              "Organization": "cyware"
            }
          },
          "sensitive_attributes": [],
          "private": "bnVsbA==",
          "dependencies": [
            "aws_subnet.cywarevpcpublicsubnets",
            "aws_vpc.cywarevpc",
            "aws_eip.nateips",
            "aws_internet_gateway.dempvpcigw"
          ]
        }
      ]
    },
    {
      "mode": "managed",
      "type": "aws_route_table",
      "name": "cywarevpcprivateroutetable",
      "provider": "provider[\"registry.terraform.io/hashicorp/aws\"]",
      "instances": [
        {
          "index_key": 0,
          "schema_version": 0,
          "attributes": {
            "arn": "arn:aws:ec2:ap-south-1:336054375940:route-table/rtb-063b277f463550e31",
            "id": "rtb-063b277f463550e31",
            "owner_id": "336054375940",
            "propagating_vgws": [],
            "route": [
              {
                "carrier_gateway_id": "",
                "cidr_block": "0.0.0.0/0",
                "core_network_arn": "",
                "destination_prefix_list_id": "",
                "egress_only_gateway_id": "",
                "gateway_id": "",
                "instance_id": "",
                "ipv6_cidr_block": "",
                "local_gateway_id": "",
                "nat_gateway_id": "nat-0d9b9ffb761569ebb",
                "network_interface_id": "",
                "transit_gateway_id": "",
                "vpc_endpoint_id": "",
                "vpc_peering_connection_id": ""
              }
            ],
            "tags": {
              "Environmet": "Dev",
              "Name": "cywarevpc-privatert-1",
              "Organization": "cyware"
            },
            "tags_all": {
              "Environmet": "Dev",
              "Name": "cywarevpc-privatert-1",
              "Organization": "cyware"
            },
            "timeouts": null,
            "vpc_id": "vpc-099b900b891ae7a3c"
          },
          "sensitive_attributes": [],
          "private": "eyJlMmJmYjczMC1lY2FhLTExZTYtOGY4OC0zNDM2M2JjN2M0YzAiOnsiY3JlYXRlIjozMDAwMDAwMDAwMDAsImRlbGV0ZSI6MzAwMDAwMDAwMDAwLCJ1cGRhdGUiOjEyMDAwMDAwMDAwMH19",
          "dependencies": [
            "aws_eip.nateips",
            "aws_internet_gateway.dempvpcigw",
            "aws_nat_gateway.cywarevpcnatgatways",
            "aws_subnet.cywarevpcpublicsubnets",
            "aws_vpc.cywarevpc"
          ]
        },
        {
          "index_key": 1,
          "schema_version": 0,
          "attributes": {
            "arn": "arn:aws:ec2:ap-south-1:336054375940:route-table/rtb-06fb654704907900b",
            "id": "rtb-06fb654704907900b",
            "owner_id": "336054375940",
            "propagating_vgws": [],
            "route": [
              {
                "carrier_gateway_id": "",
                "cidr_block": "0.0.0.0/0",
                "core_network_arn": "",
                "destination_prefix_list_id": "",
                "egress_only_gateway_id": "",
                "gateway_id": "",
                "instance_id": "",
                "ipv6_cidr_block": "",
                "local_gateway_id": "",
                "nat_gateway_id": "nat-0e57e42c8a4637b6f",
                "network_interface_id": "",
                "transit_gateway_id": "",
                "vpc_endpoint_id": "",
                "vpc_peering_connection_id": ""
              }
            ],
            "tags": {
              "Environmet": "Dev",
              "Name": "cywarevpc-privatert-2",
              "Organization": "cyware"
            },
            "tags_all": {
              "Environmet": "Dev",
              "Name": "cywarevpc-privatert-2",
              "Organization": "cyware"
            },
            "timeouts": null,
            "vpc_id": "vpc-099b900b891ae7a3c"
          },
          "sensitive_attributes": [],
          "private": "eyJlMmJmYjczMC1lY2FhLTExZTYtOGY4OC0zNDM2M2JjN2M0YzAiOnsiY3JlYXRlIjozMDAwMDAwMDAwMDAsImRlbGV0ZSI6MzAwMDAwMDAwMDAwLCJ1cGRhdGUiOjEyMDAwMDAwMDAwMH19",
          "dependencies": [
            "aws_eip.nateips",
            "aws_internet_gateway.dempvpcigw",
            "aws_nat_gateway.cywarevpcnatgatways",
            "aws_subnet.cywarevpcpublicsubnets",
            "aws_vpc.cywarevpc"
          ]
        }
      ]
    },
    {
      "mode": "managed",
      "type": "aws_route_table",
      "name": "cywarevpcpublicrt",
      "provider": "provider[\"registry.terraform.io/hashicorp/aws\"]",
      "instances": [
        {
          "schema_version": 0,
          "attributes": {
            "arn": "arn:aws:ec2:ap-south-1:336054375940:route-table/rtb-0784c06e3cab976c2",
            "id": "rtb-0784c06e3cab976c2",
            "owner_id": "336054375940",
            "propagating_vgws": [],
            "route": [
              {
                "carrier_gateway_id": "",
                "cidr_block": "0.0.0.0/0",
                "core_network_arn": "",
                "destination_prefix_list_id": "",
                "egress_only_gateway_id": "",
                "gateway_id": "igw-0206552d922ba1cc2",
                "instance_id": "",
                "ipv6_cidr_block": "",
                "local_gateway_id": "",
                "nat_gateway_id": "",
                "network_interface_id": "",
                "transit_gateway_id": "",
                "vpc_endpoint_id": "",
                "vpc_peering_connection_id": ""
              }
            ],
            "tags": {
              "Environmet": "Dev",
              "Name": "cywarevpc-publicrt",
              "Organization": "cyware"
            },
            "tags_all": {
              "Environmet": "Dev",
              "Name": "cywarevpc-publicrt",
              "Organization": "cyware"
            },
            "timeouts": null,
            "vpc_id": "vpc-099b900b891ae7a3c"
          },
          "sensitive_attributes": [],
          "private": "eyJlMmJmYjczMC1lY2FhLTExZTYtOGY4OC0zNDM2M2JjN2M0YzAiOnsiY3JlYXRlIjozMDAwMDAwMDAwMDAsImRlbGV0ZSI6MzAwMDAwMDAwMDAwLCJ1cGRhdGUiOjEyMDAwMDAwMDAwMH19",
          "dependencies": [
            "aws_internet_gateway.dempvpcigw",
            "aws_vpc.cywarevpc"
          ]
        }
      ]
    },
    {
      "mode": "managed",
      "type": "aws_route_table_association",
      "name": "cywarevpcnatassocation1a",
      "provider": "provider[\"registry.terraform.io/hashicorp/aws\"]",
      "instances": [
        {
          "index_key": 0,
          "schema_version": 0,
          "attributes": {
            "gateway_id": "",
            "id": "rtbassoc-05ddd9d5a9e6a51a4",
            "route_table_id": "rtb-063b277f463550e31",
            "subnet_id": "subnet-00a8d65eeb4516923"
          },
          "sensitive_attributes": [],
          "private": "bnVsbA==",
          "dependencies": [
            "aws_vpc.cywarevpc",
            "aws_eip.nateips",
            "aws_internet_gateway.dempvpcigw",
            "aws_nat_gateway.cywarevpcnatgatways",
            "aws_route_table.cywarevpcprivateroutetable",
            "aws_subnet.cywarevpcprivatesubents",
            "aws_subnet.cywarevpcpublicsubnets"
          ]
        },
        {
          "index_key": 1,
          "schema_version": 0,
          "attributes": {
            "gateway_id": "",
            "id": "rtbassoc-0c653207f46a557e8",
            "route_table_id": "rtb-06fb654704907900b",
            "subnet_id": "subnet-02a86f38a89224d43"
          },
          "sensitive_attributes": [],
          "private": "bnVsbA==",
          "dependencies": [
            "aws_nat_gateway.cywarevpcnatgatways",
            "aws_route_table.cywarevpcprivateroutetable",
            "aws_subnet.cywarevpcprivatesubents",
            "aws_subnet.cywarevpcpublicsubnets",
            "aws_vpc.cywarevpc",
            "aws_eip.nateips",
            "aws_internet_gateway.dempvpcigw"
          ]
        }
      ]
    },
    {
      "mode": "managed",
      "type": "aws_route_table_association",
      "name": "cywarevpcpublicrtassociation",
      "provider": "provider[\"registry.terraform.io/hashicorp/aws\"]",
      "instances": [
        {
          "index_key": 0,
          "schema_version": 0,
          "attributes": {
            "gateway_id": "",
            "id": "rtbassoc-00ee04a04e64632f5",
            "route_table_id": "rtb-0784c06e3cab976c2",
            "subnet_id": "subnet-05a6ec695a2be0c99"
          },
          "sensitive_attributes": [],
          "private": "bnVsbA==",
          "dependencies": [
            "aws_route_table.cywarevpcpublicrt",
            "aws_subnet.cywarevpcpublicsubnets",
            "aws_vpc.cywarevpc",
            "aws_internet_gateway.dempvpcigw"
          ]
        },
        {
          "index_key": 1,
          "schema_version": 0,
          "attributes": {
            "gateway_id": "",
            "id": "rtbassoc-09d19bfe41aa1bb20",
            "route_table_id": "rtb-0784c06e3cab976c2",
            "subnet_id": "subnet-0755d7cf64a3b586b"
          },
          "sensitive_attributes": [],
          "private": "bnVsbA==",
          "dependencies": [
            "aws_internet_gateway.dempvpcigw",
            "aws_route_table.cywarevpcpublicrt",
            "aws_subnet.cywarevpcpublicsubnets",
            "aws_vpc.cywarevpc"
          ]
        }
      ]
    },
    {
      "mode": "managed",
      "type": "aws_security_group",
      "name": "alb_sg",
      "provider": "provider[\"registry.terraform.io/hashicorp/aws\"]",
      "instances": [
        {
          "schema_version": 1,
          "attributes": {
            "arn": "arn:aws:ec2:ap-south-1:336054375940:security-group/sg-0942d76c6dc3d51c4",
            "description": "Managed by Terraform",
            "egress": [
              {
                "cidr_blocks": [
                  "0.0.0.0/0"
                ],
                "description": "",
                "from_port": 0,
                "ipv6_cidr_blocks": [],
                "prefix_list_ids": [],
                "protocol": "-1",
                "security_groups": [],
                "self": false,
                "to_port": 0
              }
            ],
            "id": "sg-0942d76c6dc3d51c4",
            "ingress": [
              {
                "cidr_blocks": [
                  "0.0.0.0/0"
                ],
                "description": "",
                "from_port": 443,
                "ipv6_cidr_blocks": [],
                "prefix_list_ids": [],
                "protocol": "tcp",
                "security_groups": [],
                "self": false,
                "to_port": 443
              },
              {
                "cidr_blocks": [
                  "0.0.0.0/0"
                ],
                "description": "",
                "from_port": 80,
                "ipv6_cidr_blocks": [],
                "prefix_list_ids": [],
                "protocol": "tcp",
                "security_groups": [],
                "self": false,
                "to_port": 80
              }
            ],
            "name": "alb_sg",
            "name_prefix": "",
            "owner_id": "336054375940",
            "revoke_rules_on_delete": false,
            "tags": {
              "Name": "nginx-alb-sg"
            },
            "tags_all": {
              "Name": "nginx-alb-sg"
            },
            "timeouts": null,
            "vpc_id": "vpc-099b900b891ae7a3c"
          },
          "sensitive_attributes": [],
          "private": "eyJlMmJmYjczMC1lY2FhLTExZTYtOGY4OC0zNDM2M2JjN2M0YzAiOnsiY3JlYXRlIjo2MDAwMDAwMDAwMDAsImRlbGV0ZSI6OTAwMDAwMDAwMDAwfSwic2NoZW1hX3ZlcnNpb24iOiIxIn0=",
          "dependencies": [
            "aws_vpc.cywarevpc"
          ]
        }
      ]
    },
    {
      "mode": "managed",
      "type": "aws_security_group",
      "name": "webserver_sg",
      "provider": "provider[\"registry.terraform.io/hashicorp/aws\"]",
      "instances": [
        {
          "schema_version": 1,
          "attributes": {
            "arn": "arn:aws:ec2:ap-south-1:336054375940:security-group/sg-083a852a9130c470f",
            "description": "Allow TLS inbound traffic",
            "egress": [
              {
                "cidr_blocks": [
                  "0.0.0.0/0"
                ],
                "description": "",
                "from_port": 0,
                "ipv6_cidr_blocks": [],
                "prefix_list_ids": [],
                "protocol": "-1",
                "security_groups": [],
                "self": false,
                "to_port": 0
              }
            ],
            "id": "sg-083a852a9130c470f",
            "ingress": [
              {
                "cidr_blocks": [
                  "0.0.0.0/0"
                ],
                "description": "HTTP Port",
                "from_port": 80,
                "ipv6_cidr_blocks": [],
                "prefix_list_ids": [],
                "protocol": "tcp",
                "security_groups": [],
                "self": false,
                "to_port": 80
              },
              {
                "cidr_blocks": [
                  "0.0.0.0/0"
                ],
                "description": "Jenkins Port",
                "from_port": 8080,
                "ipv6_cidr_blocks": [],
                "prefix_list_ids": [],
                "protocol": "tcp",
                "security_groups": [],
                "self": false,
                "to_port": 8080
              },
              {
                "cidr_blocks": [
                  "0.0.0.0/0"
                ],
                "description": "SSH Port",
                "from_port": 22,
                "ipv6_cidr_blocks": [],
                "prefix_list_ids": [],
                "protocol": "tcp",
                "security_groups": [],
                "self": false,
                "to_port": 22
              }
            ],
            "name": "allow_tls",
            "name_prefix": "",
            "owner_id": "336054375940",
            "revoke_rules_on_delete": false,
            "tags": {
              "Name": "webserversg"
            },
            "tags_all": {
              "Name": "webserversg"
            },
            "timeouts": null,
            "vpc_id": "vpc-099b900b891ae7a3c"
          },
          "sensitive_attributes": [],
          "private": "eyJlMmJmYjczMC1lY2FhLTExZTYtOGY4OC0zNDM2M2JjN2M0YzAiOnsiY3JlYXRlIjo2MDAwMDAwMDAwMDAsImRlbGV0ZSI6OTAwMDAwMDAwMDAwfSwic2NoZW1hX3ZlcnNpb24iOiIxIn0=",
          "dependencies": [
            "aws_vpc.cywarevpc"
          ]
        }
      ]
    },
    {
      "mode": "managed",
      "type": "aws_subnet",
      "name": "cywarevpcprivatesubents",
      "provider": "provider[\"registry.terraform.io/hashicorp/aws\"]",
      "instances": [
        {
          "index_key": 0,
          "schema_version": 1,
          "attributes": {
            "arn": "arn:aws:ec2:ap-south-1:336054375940:subnet/subnet-00a8d65eeb4516923",
            "assign_ipv6_address_on_creation": false,
            "availability_zone": "ap-south-1a",
            "availability_zone_id": "aps1-az1",
            "cidr_block": "10.1.0.128/26",
            "customer_owned_ipv4_pool": "",
            "enable_dns64": false,
            "enable_resource_name_dns_a_record_on_launch": false,
            "enable_resource_name_dns_aaaa_record_on_launch": false,
            "id": "subnet-00a8d65eeb4516923",
            "ipv6_cidr_block": "",
            "ipv6_cidr_block_association_id": "",
            "ipv6_native": false,
            "map_customer_owned_ip_on_launch": false,
            "map_public_ip_on_launch": false,
            "outpost_arn": "",
            "owner_id": "336054375940",
            "private_dns_hostname_type_on_launch": "ip-name",
            "tags": {
              "Environmet": "Dev",
              "Name": "cywarevpc-privatesubnet-1",
              "Organization": "cyware"
            },
            "tags_all": {
              "Environmet": "Dev",
              "Name": "cywarevpc-privatesubnet-1",
              "Organization": "cyware"
            },
            "timeouts": null,
            "vpc_id": "vpc-099b900b891ae7a3c"
          },
          "sensitive_attributes": [],
          "private": "eyJlMmJmYjczMC1lY2FhLTExZTYtOGY4OC0zNDM2M2JjN2M0YzAiOnsiY3JlYXRlIjo2MDAwMDAwMDAwMDAsImRlbGV0ZSI6MTIwMDAwMDAwMDAwMH0sInNjaGVtYV92ZXJzaW9uIjoiMSJ9",
          "dependencies": [
            "aws_vpc.cywarevpc"
          ]
        },
        {
          "index_key": 1,
          "schema_version": 1,
          "attributes": {
            "arn": "arn:aws:ec2:ap-south-1:336054375940:subnet/subnet-02a86f38a89224d43",
            "assign_ipv6_address_on_creation": false,
            "availability_zone": "ap-south-1b",
            "availability_zone_id": "aps1-az3",
            "cidr_block": "10.1.0.192/26",
            "customer_owned_ipv4_pool": "",
            "enable_dns64": false,
            "enable_resource_name_dns_a_record_on_launch": false,
            "enable_resource_name_dns_aaaa_record_on_launch": false,
            "id": "subnet-02a86f38a89224d43",
            "ipv6_cidr_block": "",
            "ipv6_cidr_block_association_id": "",
            "ipv6_native": false,
            "map_customer_owned_ip_on_launch": false,
            "map_public_ip_on_launch": false,
            "outpost_arn": "",
            "owner_id": "336054375940",
            "private_dns_hostname_type_on_launch": "ip-name",
            "tags": {
              "Environmet": "Dev",
              "Name": "cywarevpc-privatesubnet-2",
              "Organization": "cyware"
            },
            "tags_all": {
              "Environmet": "Dev",
              "Name": "cywarevpc-privatesubnet-2",
              "Organization": "cyware"
            },
            "timeouts": null,
            "vpc_id": "vpc-099b900b891ae7a3c"
          },
          "sensitive_attributes": [],
          "private": "eyJlMmJmYjczMC1lY2FhLTExZTYtOGY4OC0zNDM2M2JjN2M0YzAiOnsiY3JlYXRlIjo2MDAwMDAwMDAwMDAsImRlbGV0ZSI6MTIwMDAwMDAwMDAwMH0sInNjaGVtYV92ZXJzaW9uIjoiMSJ9",
          "dependencies": [
            "aws_vpc.cywarevpc"
          ]
        }
      ]
    },
    {
      "mode": "managed",
      "type": "aws_subnet",
      "name": "cywarevpcpublicsubnets",
      "provider": "provider[\"registry.terraform.io/hashicorp/aws\"]",
      "instances": [
        {
          "index_key": 0,
          "schema_version": 1,
          "attributes": {
            "arn": "arn:aws:ec2:ap-south-1:336054375940:subnet/subnet-05a6ec695a2be0c99",
            "assign_ipv6_address_on_creation": false,
            "availability_zone": "ap-south-1a",
            "availability_zone_id": "aps1-az1",
            "cidr_block": "10.1.0.0/26",
            "customer_owned_ipv4_pool": "",
            "enable_dns64": false,
            "enable_resource_name_dns_a_record_on_launch": false,
            "enable_resource_name_dns_aaaa_record_on_launch": false,
            "id": "subnet-05a6ec695a2be0c99",
            "ipv6_cidr_block": "",
            "ipv6_cidr_block_association_id": "",
            "ipv6_native": false,
            "map_customer_owned_ip_on_launch": false,
            "map_public_ip_on_launch": true,
            "outpost_arn": "",
            "owner_id": "336054375940",
            "private_dns_hostname_type_on_launch": "ip-name",
            "tags": {
              "Environmet": "Dev",
              "Name": "cywarevpc-publicsubnet-1",
              "Organization": "cyware"
            },
            "tags_all": {
              "Environmet": "Dev",
              "Name": "cywarevpc-publicsubnet-1",
              "Organization": "cyware"
            },
            "timeouts": null,
            "vpc_id": "vpc-099b900b891ae7a3c"
          },
          "sensitive_attributes": [],
          "private": "eyJlMmJmYjczMC1lY2FhLTExZTYtOGY4OC0zNDM2M2JjN2M0YzAiOnsiY3JlYXRlIjo2MDAwMDAwMDAwMDAsImRlbGV0ZSI6MTIwMDAwMDAwMDAwMH0sInNjaGVtYV92ZXJzaW9uIjoiMSJ9",
          "dependencies": [
            "aws_vpc.cywarevpc"
          ]
        },
        {
          "index_key": 1,
          "schema_version": 1,
          "attributes": {
            "arn": "arn:aws:ec2:ap-south-1:336054375940:subnet/subnet-0755d7cf64a3b586b",
            "assign_ipv6_address_on_creation": false,
            "availability_zone": "ap-south-1b",
            "availability_zone_id": "aps1-az3",
            "cidr_block": "10.1.0.64/26",
            "customer_owned_ipv4_pool": "",
            "enable_dns64": false,
            "enable_resource_name_dns_a_record_on_launch": false,
            "enable_resource_name_dns_aaaa_record_on_launch": false,
            "id": "subnet-0755d7cf64a3b586b",
            "ipv6_cidr_block": "",
            "ipv6_cidr_block_association_id": "",
            "ipv6_native": false,
            "map_customer_owned_ip_on_launch": false,
            "map_public_ip_on_launch": true,
            "outpost_arn": "",
            "owner_id": "336054375940",
            "private_dns_hostname_type_on_launch": "ip-name",
            "tags": {
              "Environmet": "Dev",
              "Name": "cywarevpc-publicsubnet-2",
              "Organization": "cyware"
            },
            "tags_all": {
              "Environmet": "Dev",
              "Name": "cywarevpc-publicsubnet-2",
              "Organization": "cyware"
            },
            "timeouts": null,
            "vpc_id": "vpc-099b900b891ae7a3c"
          },
          "sensitive_attributes": [],
          "private": "eyJlMmJmYjczMC1lY2FhLTExZTYtOGY4OC0zNDM2M2JjN2M0YzAiOnsiY3JlYXRlIjo2MDAwMDAwMDAwMDAsImRlbGV0ZSI6MTIwMDAwMDAwMDAwMH0sInNjaGVtYV92ZXJzaW9uIjoiMSJ9",
          "dependencies": [
            "aws_vpc.cywarevpc"
          ]
        }
      ]
    },
    {
      "mode": "managed",
      "type": "aws_vpc",
      "name": "cywarevpc",
      "provider": "provider[\"registry.terraform.io/hashicorp/aws\"]",
      "instances": [
        {
          "schema_version": 1,
          "attributes": {
            "arn": "arn:aws:ec2:ap-south-1:336054375940:vpc/vpc-099b900b891ae7a3c",
            "assign_generated_ipv6_cidr_block": false,
            "cidr_block": "10.1.0.0/24",
            "default_network_acl_id": "acl-0126ee3ca705a762b",
            "default_route_table_id": "rtb-0a2d301f60da6c789",
            "default_security_group_id": "sg-01f8f770630de74c5",
            "dhcp_options_id": "dopt-02ed24d0849d50ced",
            "enable_classiclink": false,
            "enable_classiclink_dns_support": false,
            "enable_dns_hostnames": true,
            "enable_dns_support": true,
            "enable_network_address_usage_metrics": false,
            "id": "vpc-099b900b891ae7a3c",
            "instance_tenancy": "default",
            "ipv4_ipam_pool_id": null,
            "ipv4_netmask_length": null,
            "ipv6_association_id": "",
            "ipv6_cidr_block": "",
            "ipv6_cidr_block_network_border_group": "",
            "ipv6_ipam_pool_id": "",
            "ipv6_netmask_length": 0,
            "main_route_table_id": "rtb-0a2d301f60da6c789",
            "owner_id": "336054375940",
            "tags": {
              "Environmet": "Dev",
              "Name": "CywareVPC",
              "Organization": "cyware"
            },
            "tags_all": {
              "Environmet": "Dev",
              "Name": "CywareVPC",
              "Organization": "cyware"
            }
          },
          "sensitive_attributes": [],
          "private": "eyJzY2hlbWFfdmVyc2lvbiI6IjEifQ=="
        }
      ]
    }
  ]
}
